
Microsoft Visual Studio Solution File, Format Version 12.00
# Visual Studio 2012
Project("{FAE04EC0-301F-11D3-BF4B-00C04F79EFBC}") = "RevStackCore.Identity.Mvc.Jwt", "RevStackCore.Identity.Mvc.Jwt\RevStackCore.Identity.Mvc.Jwt.csproj", "{E0AA3672-00C4-4223-9BB9-DF5C67B33DBD}"
EndProject
Global
	GlobalSection(SolutionConfigurationPlatforms) = preSolution
		Debug|Any CPU = Debug|Any CPU
		Release|Any CPU = Release|Any CPU
	EndGlobalSection
	GlobalSection(ProjectConfigurationPlatforms) = postSolution
		{E0AA3672-00C4-4223-9BB9-DF5C67B33DBD}.Debug|Any CPU.ActiveCfg = Debug|Any CPU
		{E0AA3672-00C4-4223-9BB9-DF5C67B33DBD}.Debug|Any CPU.Build.0 = Debug|Any CPU
		{E0AA3672-00C4-4223-9BB9-DF5C67B33DBD}.Release|Any CPU.ActiveCfg = Release|Any CPU
		{E0AA3672-00C4-4223-9BB9-DF5C67B33DBD}.Release|Any CPU.Build.0 = Release|Any CPU
	EndGlobalSection
EndGlobal
